
Microsoft Visual Studio Solution File, Format Version 12.00
# Visual Studio 2013
VisualStudioVersion = 12.0.30501.0
MinimumVisualStudioVersion = 10.0.40219.1
Project("{FAE04EC0-301F-11D3-BF4B-00C04F79EFBC}") = "Platform", "Platform\Platform.csproj", "{B8F21F68-414C-4525-9765-34479994C7FE}"
	ProjectSection(ProjectDependencies) = postProject
		{37D59D2A-42F0-4819-8FCA-11F2F8DE2A08} = {37D59D2A-42F0-4819-8FCA-11F2F8DE2A08}
	EndProjectSection
EndProject
Project("{FAE04EC0-301F-11D3-BF4B-00C04F79EFBC}") = "Server", "Server\Server.csproj", "{C26BF413-4BC3-4323-B94E-AC06DD2412BC}"
EndProject
Project("{FAE04EC0-301F-11D3-BF4B-00C04F79EFBC}") = "GTInterfacesLibrary", "GTInterfacesLibrary\GTInterfacesLibrary\GTInterfacesLibrary.csproj", "{CD85D76B-E9DC-4FCA-80A9-87A89F8B6C65}"
EndProject
Project("{FAE04EC0-301F-11D3-BF4B-00C04F79EFBC}") = "GTMillGameLogic", "GTMillGameLogic\GTMillGameLogic\GTMillGameLogic.csproj", "{317B8772-6AF4-4F18-8AED-DB22A5E6303F}"
EndProject
Project("{FAE04EC0-301F-11D3-BF4B-00C04F79EFBC}") = "CheckersGame", "CheckersGame\CheckersGame.csproj", "{B4DFD987-1215-49B1-91C4-6B9FC0DBD941}"
EndProject
Project("{FAE04EC0-301F-11D3-BF4B-00C04F79EFBC}") = "GUIImplementation", "GUIImplementation\GUIImplementation.csproj", "{37D59D2A-42F0-4819-8FCA-11F2F8DE2A08}"
EndProject
Project("{FAE04EC0-301F-11D3-BF4B-00C04F79EFBC}") = "GUILibrary", "GUILibrary\GUILibrary.csproj", "{A632C624-748C-4094-A17A-8B2C108BB1B6}"
EndProject
Global
	GlobalSection(SolutionConfigurationPlatforms) = preSolution
		Debug|Any CPU = Debug|Any CPU
		Release|Any CPU = Release|Any CPU
	EndGlobalSection
	GlobalSection(ProjectConfigurationPlatforms) = postSolution
		{B8F21F68-414C-4525-9765-34479994C7FE}.Debug|Any CPU.ActiveCfg = Debug|Any CPU
		{B8F21F68-414C-4525-9765-34479994C7FE}.Debug|Any CPU.Build.0 = Debug|Any CPU
		{B8F21F68-414C-4525-9765-34479994C7FE}.Release|Any CPU.ActiveCfg = Release|Any CPU
		{B8F21F68-414C-4525-9765-34479994C7FE}.Release|Any CPU.Build.0 = Release|Any CPU
		{C26BF413-4BC3-4323-B94E-AC06DD2412BC}.Debug|Any CPU.ActiveCfg = Debug|Any CPU
		{C26BF413-4BC3-4323-B94E-AC06DD2412BC}.Debug|Any CPU.Build.0 = Debug|Any CPU
		{C26BF413-4BC3-4323-B94E-AC06DD2412BC}.Release|Any CPU.ActiveCfg = Release|Any CPU
		{C26BF413-4BC3-4323-B94E-AC06DD2412BC}.Release|Any CPU.Build.0 = Release|Any CPU
		{CD85D76B-E9DC-4FCA-80A9-87A89F8B6C65}.Debug|Any CPU.ActiveCfg = Debug|Any CPU
		{CD85D76B-E9DC-4FCA-80A9-87A89F8B6C65}.Debug|Any CPU.Build.0 = Debug|Any CPU
		{CD85D76B-E9DC-4FCA-80A9-87A89F8B6C65}.Release|Any CPU.ActiveCfg = Release|Any CPU
		{CD85D76B-E9DC-4FCA-80A9-87A89F8B6C65}.Release|Any CPU.Build.0 = Release|Any CPU
		{317B8772-6AF4-4F18-8AED-DB22A5E6303F}.Debug|Any CPU.ActiveCfg = Debug|Any CPU
		{317B8772-6AF4-4F18-8AED-DB22A5E6303F}.Debug|Any CPU.Build.0 = Debug|Any CPU
		{317B8772-6AF4-4F18-8AED-DB22A5E6303F}.Release|Any CPU.ActiveCfg = Release|Any CPU
		{317B8772-6AF4-4F18-8AED-DB22A5E6303F}.Release|Any CPU.Build.0 = Release|Any CPU
		{B4DFD987-1215-49B1-91C4-6B9FC0DBD941}.Debug|Any CPU.ActiveCfg = Debug|Any CPU
		{B4DFD987-1215-49B1-91C4-6B9FC0DBD941}.Debug|Any CPU.Build.0 = Debug|Any CPU
		{B4DFD987-1215-49B1-91C4-6B9FC0DBD941}.Release|Any CPU.ActiveCfg = Release|Any CPU
		{B4DFD987-1215-49B1-91C4-6B9FC0DBD941}.Release|Any CPU.Build.0 = Release|Any CPU
		{37D59D2A-42F0-4819-8FCA-11F2F8DE2A08}.Debug|Any CPU.ActiveCfg = Debug|Any CPU
		{37D59D2A-42F0-4819-8FCA-11F2F8DE2A08}.Debug|Any CPU.Build.0 = Debug|Any CPU
		{37D59D2A-42F0-4819-8FCA-11F2F8DE2A08}.Release|Any CPU.ActiveCfg = Release|Any CPU
		{37D59D2A-42F0-4819-8FCA-11F2F8DE2A08}.Release|Any CPU.Build.0 = Release|Any CPU
		{A632C624-748C-4094-A17A-8B2C108BB1B6}.Debug|Any CPU.ActiveCfg = Debug|Any CPU
		{A632C624-748C-4094-A17A-8B2C108BB1B6}.Debug|Any CPU.Build.0 = Debug|Any CPU
		{A632C624-748C-4094-A17A-8B2C108BB1B6}.Release|Any CPU.ActiveCfg = Release|Any CPU
		{A632C624-748C-4094-A17A-8B2C108BB1B6}.Release|Any CPU.Build.0 = Release|Any CPU
	EndGlobalSection
	GlobalSection(SolutionProperties) = preSolution
		HideSolutionNode = FALSE
	EndGlobalSection
EndGlobal
