
Microsoft Visual Studio Solution File, Format Version 12.00
# Visual Studio 2012
Project("{FAE04EC0-301F-11D3-BF4B-00C04F79EFBC}") = "GTMillGameLogic", "GTMillGameLogic\GTMillGameLogic.csproj", "{317B8772-6AF4-4F18-8AED-DB22A5E6303F}"
EndProject
Project("{FAE04EC0-301F-11D3-BF4B-00C04F79EFBC}") = "GTInterfacesLibrary", "..\GTInterfacesLibrary\GTInterfacesLibrary\GTInterfacesLibrary.csproj", "{CD85D76B-E9DC-4FCA-80A9-87A89F8B6C65}"
EndProject
Global
	GlobalSection(SolutionConfigurationPlatforms) = preSolution
		Debug|Any CPU = Debug|Any CPU
		Release|Any CPU = Release|Any CPU
	EndGlobalSection
	GlobalSection(ProjectConfigurationPlatforms) = postSolution
		{317B8772-6AF4-4F18-8AED-DB22A5E6303F}.Debug|Any CPU.ActiveCfg = Debug|Any CPU
		{317B8772-6AF4-4F18-8AED-DB22A5E6303F}.Debug|Any CPU.Build.0 = Debug|Any CPU
		{317B8772-6AF4-4F18-8AED-DB22A5E6303F}.Release|Any CPU.ActiveCfg = Release|Any CPU
		{317B8772-6AF4-4F18-8AED-DB22A5E6303F}.Release|Any CPU.Build.0 = Release|Any CPU
		{CD85D76B-E9DC-4FCA-80A9-87A89F8B6C65}.Debug|Any CPU.ActiveCfg = Debug|Any CPU
		{CD85D76B-E9DC-4FCA-80A9-87A89F8B6C65}.Debug|Any CPU.Build.0 = Debug|Any CPU
		{CD85D76B-E9DC-4FCA-80A9-87A89F8B6C65}.Release|Any CPU.ActiveCfg = Release|Any CPU
		{CD85D76B-E9DC-4FCA-80A9-87A89F8B6C65}.Release|Any CPU.Build.0 = Release|Any CPU
	EndGlobalSection
EndGlobal
